# THIS IS AN AUTOGENERATED FILE. DO NOT EDIT THIS FILE DIRECTLY.
# yarn lockfile v1


phoenix@^1.4.9:
  version "1.4.9"
  resolved "https://registry.yarnpkg.com/phoenix/-/phoenix-1.4.9.tgz#0e251514af9627d61924ce9194e6e414f392b58d"
  integrity sha512-x7UMemlq0w03S0R3fmklkUuYhjPXC6K2FXz6q7oBbUw17LIAYexiuFaOxPk/pMWSX69AZPZlQeEHytnIyTAw/w==
